// !$*UTF8*$!
{
	archiveVersion = 1;
	classes = {
	};
	objectVersion = 46;
	objects = {

/* Begin PBXBuildFile section */
		16E01748340860A719CFEF6D /* libPods-EngineerEvaluationSystem.a in Frameworks */ = {isa = PBXBuildFile; fileRef = D1B58F5D8E6DBD6334888218 /* libPods-EngineerEvaluationSystem.a */; };
		5C47A06C1DF2EE5900BFBEDC /* EvaluateTableViewCell.m in Sources */ = {isa = PBXBuildFile; fileRef = 5C47A06A1DF2EE5900BFBEDC /* EvaluateTableViewCell.m */; };
		5C47A06D1DF2EE5900BFBEDC /* EvaluateTableViewCell.xib in Resources */ = {isa = PBXBuildFile; fileRef = 5C47A06B1DF2EE5900BFBEDC /* EvaluateTableViewCell.xib */; };
		5C5F13C81DF2A91000E6234F /* main.m in Sources */ = {isa = PBXBuildFile; fileRef = 5C5F13C71DF2A91000E6234F /* main.m */; };
		5C5F13CB1DF2A91000E6234F /* AppDelegate.m in Sources */ = {isa = PBXBuildFile; fileRef = 5C5F13CA1DF2A91000E6234F /* AppDelegate.m */; };
		5C5F13D11DF2A91000E6234F /* Main.storyboard in Resources */ = {isa = PBXBuildFile; fileRef = 5C5F13CF1DF2A91000E6234F /* Main.storyboard */; };
		5C5F13D31DF2A91000E6234F /* Assets.xcassets in Resources */ = {isa = PBXBuildFile; fileRef = 5C5F13D21DF2A91000E6234F /* Assets.xcassets */; };
		5C5F13D61DF2A91000E6234F /* LaunchScreen.storyboard in Resources */ = {isa = PBXBuildFile; fileRef = 5C5F13D41DF2A91000E6234F /* LaunchScreen.storyboard */; };
		5C5F13E11DF2A91000E6234F /* EngineerEvaluationSystemTests.m in Sources */ = {isa = PBXBuildFile; fileRef = 5C5F13E01DF2A91000E6234F /* EngineerEvaluationSystemTests.m */; };
		5C5F13EC1DF2A91000E6234F /* EngineerEvaluationSystemUITests.m in Sources */ = {isa = PBXBuildFile; fileRef = 5C5F13EB1DF2A91000E6234F /* EngineerEvaluationSystemUITests.m */; };
		5C5F14151DF2ACBC00E6234F /* MyUtil.m in Sources */ = {isa = PBXBuildFile; fileRef = 5C5F14121DF2ACBC00E6234F /* MyUtil.m */; };
		5C5F14161DF2ACBC00E6234F /* CreateContext.m in Sources */ = {isa = PBXBuildFile; fileRef = 5C5F14141DF2ACBC00E6234F /* CreateContext.m */; };
		5C5F141B1DF2ACD200E6234F /* CoreDataTableViewController.m in Sources */ = {isa = PBXBuildFile; fileRef = 5C5F14181DF2ACD200E6234F /* CoreDataTableViewController.m */; };
		5C5F141C1DF2ACD200E6234F /* BaseViewController.m in Sources */ = {isa = PBXBuildFile; fileRef = 5C5F141A1DF2ACD200E6234F /* BaseViewController.m */; };
		5C5F141F1DF2AD0900E6234F /* MainViewController.m in Sources */ = {isa = PBXBuildFile; fileRef = 5C5F141E1DF2AD0900E6234F /* MainViewController.m */; };
		5C5F14221DF2B27700E6234F /* DirectoryA_VCTL.m in Sources */ = {isa = PBXBuildFile; fileRef = 5C5F14211DF2B27700E6234F /* DirectoryA_VCTL.m */; };
		5C5F14641DF2C29B00E6234F /* DirectoryB_VCTL.m in Sources */ = {isa = PBXBuildFile; fileRef = 5C5F14631DF2C29B00E6234F /* DirectoryB_VCTL.m */; };
		5C5F14671DF2C2B800E6234F /* DirectoryC_VCTL.m in Sources */ = {isa = PBXBuildFile; fileRef = 5C5F14661DF2C2B800E6234F /* DirectoryC_VCTL.m */; };
		5C5F146A1DF2EA2E00E6234F /* EvaluateViewController.m in Sources */ = {isa = PBXBuildFile; fileRef = 5C5F14691DF2EA2E00E6234F /* EvaluateViewController.m */; };
		5C807A371DFF87F700D9501D /* MyView.m in Sources */ = {isa = PBXBuildFile; fileRef = 5C807A351DFF87F700D9501D /* MyView.m */; };
		5C807A381DFF87F700D9501D /* MyView.xib in Resources */ = {isa = PBXBuildFile; fileRef = 5C807A361DFF87F700D9501D /* MyView.xib */; };
		5C807A3B1DFF886C00D9501D /* MyViewModel.m in Sources */ = {isa = PBXBuildFile; fileRef = 5C807A3A1DFF886C00D9501D /* MyViewModel.m */; };
		5CB7D8051DF46C1D00179819 /* LoginViewController.m in Sources */ = {isa = PBXBuildFile; fileRef = 5CB7D8041DF46C1D00179819 /* LoginViewController.m */; };
		96F40A7DC7F740137F567DD8 /* libPods-EngineerEvaluationSystemTests.a in Frameworks */ = {isa = PBXBuildFile; fileRef = 1DCA9452E7A0E3F4EEC0616E /* libPods-EngineerEvaluationSystemTests.a */; };
		F302615B7326FA7A6BA6A09B /* libPods-EngineerEvaluationSystemUITests.a in Frameworks */ = {isa = PBXBuildFile; fileRef = BDB6819FA2B4E1420EEF70C2 /* libPods-EngineerEvaluationSystemUITests.a */; };
/* End PBXBuildFile section */

/* Begin PBXContainerItemProxy section */
		5C5F13DD1DF2A91000E6234F /* PBXContainerItemProxy */ = {
			isa = PBXContainerItemProxy;
			containerPortal = 5C5F13BB1DF2A91000E6234F /* Project object */;
			proxyType = 1;
			remoteGlobalIDString = 5C5F13C21DF2A91000E6234F;
			remoteInfo = EngineerEvaluationSystem;
		};
		5C5F13E81DF2A91000E6234F /* PBXContainerItemProxy */ = {
			isa = PBXContainerItemProxy;
			containerPortal = 5C5F13BB1DF2A91000E6234F /* Project object */;
			proxyType = 1;
			remoteGlobalIDString = 5C5F13C21DF2A91000E6234F;
			remoteInfo = EngineerEvaluationSystem;
		};
/* End PBXContainerItemProxy section */

/* Begin PBXFileReference section */
		1DCA9452E7A0E3F4EEC0616E /* libPods-EngineerEvaluationSystemTests.a */ = {isa = PBXFileReference; explicitFileType = archive.ar; includeInIndex = 0; path = "libPods-EngineerEvaluationSystemTests.a"; sourceTree = BUILT_PRODUCTS_DIR; };
		556BE63A94557623810C9914 /* Pods-EngineerEvaluationSystemUITests.debug.xcconfig */ = {isa = PBXFileReference; includeInIndex = 1; lastKnownFileType = text.xcconfig; name = "Pods-EngineerEvaluationSystemUITests.debug.xcconfig"; path = "Pods/Target Support Files/Pods-EngineerEvaluationSystemUITests/Pods-EngineerEvaluationSystemUITests.debug.xcconfig"; sourceTree = "<group>"; };
		5C47A0691DF2EE5900BFBEDC /* EvaluateTableViewCell.h */ = {isa = PBXFileReference; fileEncoding = 4; lastKnownFileType = sourcecode.c.h; path = EvaluateTableViewCell.h; sourceTree = "<group>"; };
		5C47A06A1DF2EE5900BFBEDC /* EvaluateTableViewCell.m */ = {isa = PBXFileReference; fileEncoding = 4; lastKnownFileType = sourcecode.c.objc; path = EvaluateTableViewCell.m; sourceTree = "<group>"; };
		5C47A06B1DF2EE5900BFBEDC /* EvaluateTableViewCell.xib */ = {isa = PBXFileReference; fileEncoding = 4; lastKnownFileType = file.xib; path = EvaluateTableViewCell.xib; sourceTree = "<group>"; };
		5C5F13C31DF2A91000E6234F /* EngineerEvaluationSystem.app */ = {isa = PBXFileReference; explicitFileType = wrapper.application; includeInIndex = 0; path = EngineerEvaluationSystem.app; sourceTree = BUILT_PRODUCTS_DIR; };
		5C5F13C71DF2A91000E6234F /* main.m */ = {isa = PBXFileReference; lastKnownFileType = sourcecode.c.objc; path = main.m; sourceTree = "<group>"; };
		5C5F13C91DF2A91000E6234F /* AppDelegate.h */ = {isa = PBXFileReference; lastKnownFileType = sourcecode.c.h; path = AppDelegate.h; sourceTree = "<group>"; };
		5C5F13CA1DF2A91000E6234F /* AppDelegate.m */ = {isa = PBXFileReference; lastKnownFileType = sourcecode.c.objc; path = AppDelegate.m; sourceTree = "<group>"; };
		5C5F13D01DF2A91000E6234F /* Base */ = {isa = PBXFileReference; lastKnownFileType = file.storyboard; name = Base; path = Base.lproj/Main.storyboard; sourceTree = "<group>"; };
		5C5F13D21DF2A91000E6234F /* Assets.xcassets */ = {isa = PBXFileReference; lastKnownFileType = folder.assetcatalog; path = Assets.xcassets; sourceTree = "<group>"; };
		5C5F13D51DF2A91000E6234F /* Base */ = {isa = PBXFileReference; lastKnownFileType = file.storyboard; name = Base; path = Base.lproj/LaunchScreen.storyboard; sourceTree = "<group>"; };
		5C5F13D71DF2A91000E6234F /* Info.plist */ = {isa = PBXFileReference; lastKnownFileType = text.plist.xml; path = Info.plist; sourceTree = "<group>"; };
		5C5F13DC1DF2A91000E6234F /* EngineerEvaluationSystemTests.xctest */ = {isa = PBXFileReference; explicitFileType = wrapper.cfbundle; includeInIndex = 0; path = EngineerEvaluationSystemTests.xctest; sourceTree = BUILT_PRODUCTS_DIR; };
		5C5F13E01DF2A91000E6234F /* EngineerEvaluationSystemTests.m */ = {isa = PBXFileReference; lastKnownFileType = sourcecode.c.objc; path = EngineerEvaluationSystemTests.m; sourceTree = "<group>"; };
		5C5F13E21DF2A91000E6234F /* Info.plist */ = {isa = PBXFileReference; lastKnownFileType = text.plist.xml; path = Info.plist; sourceTree = "<group>"; };
		5C5F13E71DF2A91000E6234F /* EngineerEvaluationSystemUITests.xctest */ = {isa = PBXFileReference; explicitFileType = wrapper.cfbundle; includeInIndex = 0; path = EngineerEvaluationSystemUITests.xctest; sourceTree = BUILT_PRODUCTS_DIR; };
		5C5F13EB1DF2A91000E6234F /* EngineerEvaluationSystemUITests.m */ = {isa = PBXFileReference; lastKnownFileType = sourcecode.c.objc; path = EngineerEvaluationSystemUITests.m; sourceTree = "<group>"; };
		5C5F13ED1DF2A91000E6234F /* Info.plist */ = {isa = PBXFileReference; lastKnownFileType = text.plist.xml; path = Info.plist; sourceTree = "<group>"; };
		5C5F14111DF2ACBC00E6234F /* MyUtil.h */ = {isa = PBXFileReference; fileEncoding = 4; lastKnownFileType = sourcecode.c.h; path = MyUtil.h; sourceTree = "<group>"; };
		5C5F14121DF2ACBC00E6234F /* MyUtil.m */ = {isa = PBXFileReference; fileEncoding = 4; lastKnownFileType = sourcecode.c.objc; path = MyUtil.m; sourceTree = "<group>"; };
		5C5F14131DF2ACBC00E6234F /* CreateContext.h */ = {isa = PBXFileReference; fileEncoding = 4; lastKnownFileType = sourcecode.c.h; path = CreateContext.h; sourceTree = "<group>"; };
		5C5F14141DF2ACBC00E6234F /* CreateContext.m */ = {isa = PBXFileReference; fileEncoding = 4; lastKnownFileType = sourcecode.c.objc; path = CreateContext.m; sourceTree = "<group>"; };
		5C5F14171DF2ACD200E6234F /* CoreDataTableViewController.h */ = {isa = PBXFileReference; fileEncoding = 4; lastKnownFileType = sourcecode.c.h; path = CoreDataTableViewController.h; sourceTree = "<group>"; };
		5C5F14181DF2ACD200E6234F /* CoreDataTableViewController.m */ = {isa = PBXFileReference; fileEncoding = 4; lastKnownFileType = sourcecode.c.objc; path = CoreDataTableViewController.m; sourceTree = "<group>"; };
		5C5F14191DF2ACD200E6234F /* BaseViewController.h */ = {isa = PBXFileReference; fileEncoding = 4; lastKnownFileType = sourcecode.c.h; path = BaseViewController.h; sourceTree = "<group>"; };
		5C5F141A1DF2ACD200E6234F /* BaseViewController.m */ = {isa = PBXFileReference; fileEncoding = 4; lastKnownFileType = sourcecode.c.objc; path = BaseViewController.m; sourceTree = "<group>"; };
		5C5F141D1DF2AD0900E6234F /* MainViewController.h */ = {isa = PBXFileReference; fileEncoding = 4; lastKnownFileType = sourcecode.c.h; path = MainViewController.h; sourceTree = "<group>"; };
		5C5F141E1DF2AD0900E6234F /* MainViewController.m */ = {isa = PBXFileReference; fileEncoding = 4; lastKnownFileType = sourcecode.c.objc; path = MainViewController.m; sourceTree = "<group>"; };
		5C5F14201DF2B27700E6234F /* DirectoryA_VCTL.h */ = {isa = PBXFileReference; fileEncoding = 4; lastKnownFileType = sourcecode.c.h; path = DirectoryA_VCTL.h; sourceTree = "<group>"; };
		5C5F14211DF2B27700E6234F /* DirectoryA_VCTL.m */ = {isa = PBXFileReference; fileEncoding = 4; lastKnownFileType = sourcecode.c.objc; path = DirectoryA_VCTL.m; sourceTree = "<group>"; };
		5C5F14621DF2C29B00E6234F /* DirectoryB_VCTL.h */ = {isa = PBXFileReference; fileEncoding = 4; lastKnownFileType = sourcecode.c.h; path = DirectoryB_VCTL.h; sourceTree = "<group>"; };
		5C5F14631DF2C29B00E6234F /* DirectoryB_VCTL.m */ = {isa = PBXFileReference; fileEncoding = 4; lastKnownFileType = sourcecode.c.objc; path = DirectoryB_VCTL.m; sourceTree = "<group>"; };
		5C5F14651DF2C2B800E6234F /* DirectoryC_VCTL.h */ = {isa = PBXFileReference; fileEncoding = 4; lastKnownFileType = sourcecode.c.h; path = DirectoryC_VCTL.h; sourceTree = "<group>"; };
		5C5F14661DF2C2B800E6234F /* DirectoryC_VCTL.m */ = {isa = PBXFileReference; fileEncoding = 4; lastKnownFileType = sourcecode.c.objc; path = DirectoryC_VCTL.m; sourceTree = "<group>"; };
		5C5F14681DF2EA2E00E6234F /* EvaluateViewController.h */ = {isa = PBXFileReference; fileEncoding = 4; lastKnownFileType = sourcecode.c.h; path = EvaluateViewController.h; sourceTree = "<group>"; };
		5C5F14691DF2EA2E00E6234F /* EvaluateViewController.m */ = {isa = PBXFileReference; fileEncoding = 4; lastKnownFileType = sourcecode.c.objc; path = EvaluateViewController.m; sourceTree = "<group>"; };
		5C807A341DFF87F700D9501D /* MyView.h */ = {isa = PBXFileReference; fileEncoding = 4; lastKnownFileType = sourcecode.c.h; path = MyView.h; sourceTree = "<group>"; };
		5C807A351DFF87F700D9501D /* MyView.m */ = {isa = PBXFileReference; fileEncoding = 4; lastKnownFileType = sourcecode.c.objc; path = MyView.m; sourceTree = "<group>"; };
		5C807A361DFF87F700D9501D /* MyView.xib */ = {isa = PBXFileReference; fileEncoding = 4; lastKnownFileType = file.xib; path = MyView.xib; sourceTree = "<group>"; };
		5C807A391DFF886C00D9501D /* MyViewModel.h */ = {isa = PBXFileReference; fileEncoding = 4; lastKnownFileType = sourcecode.c.h; path = MyViewModel.h; sourceTree = "<group>"; };
		5C807A3A1DFF886C00D9501D /* MyViewModel.m */ = {isa = PBXFileReference; fileEncoding = 4; lastKnownFileType = sourcecode.c.objc; path = MyViewModel.m; sourceTree = "<group>"; };
		5CB7D8031DF46C1D00179819 /* LoginViewController.h */ = {isa = PBXFileReference; fileEncoding = 4; lastKnownFileType = sourcecode.c.h; path = LoginViewController.h; sourceTree = "<group>"; };
		5CB7D8041DF46C1D00179819 /* LoginViewController.m */ = {isa = PBXFileReference; fileEncoding = 4; lastKnownFileType = sourcecode.c.objc; path = LoginViewController.m; sourceTree = "<group>"; };
		63DA6EC3C52F846F6176F59A /* Pods-EngineerEvaluationSystemTests.release.xcconfig */ = {isa = PBXFileReference; includeInIndex = 1; lastKnownFileType = text.xcconfig; name = "Pods-EngineerEvaluationSystemTests.release.xcconfig"; path = "Pods/Target Support Files/Pods-EngineerEvaluationSystemTests/Pods-EngineerEvaluationSystemTests.release.xcconfig"; sourceTree = "<group>"; };
		903C97F52E68C20F8AD8C5B4 /* Pods-EngineerEvaluationSystem.release.xcconfig */ = {isa = PBXFileReference; includeInIndex = 1; lastKnownFileType = text.xcconfig; name = "Pods-EngineerEvaluationSystem.release.xcconfig"; path = "Pods/Target Support Files/Pods-EngineerEvaluationSystem/Pods-EngineerEvaluationSystem.release.xcconfig"; sourceTree = "<group>"; };
		973F3EE36C8E7D0E561EEA3E /* Pods-EngineerEvaluationSystem.debug.xcconfig */ = {isa = PBXFileReference; includeInIndex = 1; lastKnownFileType = text.xcconfig; name = "Pods-EngineerEvaluationSystem.debug.xcconfig"; path = "Pods/Target Support Files/Pods-EngineerEvaluationSystem/Pods-EngineerEvaluationSystem.debug.xcconfig"; sourceTree = "<group>"; };
		B8982A7A1F717BD61F4D48E5 /* Pods-EngineerEvaluationSystemTests.debug.xcconfig */ = {isa = PBXFileReference; includeInIndex = 1; lastKnownFileType = text.xcconfig; name = "Pods-EngineerEvaluationSystemTests.debug.xcconfig"; path = "Pods/Target Support Files/Pods-EngineerEvaluationSystemTests/Pods-EngineerEvaluationSystemTests.debug.xcconfig"; sourceTree = "<group>"; };
		BDB6819FA2B4E1420EEF70C2 /* libPods-EngineerEvaluationSystemUITests.a */ = {isa = PBXFileReference; explicitFileType = archive.ar; includeInIndex = 0; path = "libPods-EngineerEvaluationSystemUITests.a"; sourceTree = BUILT_PRODUCTS_DIR; };
		D1B58F5D8E6DBD6334888218 /* libPods-EngineerEvaluationSystem.a */ = {isa = PBXFileReference; explicitFileType = archive.ar; includeInIndex = 0; path = "libPods-EngineerEvaluationSystem.a"; sourceTree = BUILT_PRODUCTS_DIR; };
		D2F436454F5BE7FBA4071A3C /* Pods-EngineerEvaluationSystemUITests.release.xcconfig */ = {isa = PBXFileReference; includeInIndex = 1; lastKnownFileType = text.xcconfig; name = "Pods-EngineerEvaluationSystemUITests.release.xcconfig"; path = "Pods/Target Support Files/Pods-EngineerEvaluationSystemUITests/Pods-EngineerEvaluationSystemUITests.release.xcconfig"; sourceTree = "<group>"; };
/* End PBXFileReference section */

/* Begin PBXFrameworksBuildPhase section */
		5C5F13C01DF2A91000E6234F /* Frameworks */ = {
			isa = PBXFrameworksBuildPhase;
			buildActionMask = 2147483647;
			files = (
				16E01748340860A719CFEF6D /* libPods-EngineerEvaluationSystem.a in Frameworks */,
			);
			runOnlyForDeploymentPostprocessing = 0;
		};
		5C5F13D91DF2A91000E6234F /* Frameworks */ = {
			isa = PBXFrameworksBuildPhase;
			buildActionMask = 2147483647;
			files = (
				96F40A7DC7F740137F567DD8 /* libPods-EngineerEvaluationSystemTests.a in Frameworks */,
			);
			runOnlyForDeploymentPostprocessing = 0;
		};
		5C5F13E41DF2A91000E6234F /* Frameworks */ = {
			isa = PBXFrameworksBuildPhase;
			buildActionMask = 2147483647;
			files = (
				F302615B7326FA7A6BA6A09B /* libPods-EngineerEvaluationSystemUITests.a in Frameworks */,
			);
			runOnlyForDeploymentPostprocessing = 0;
		};
/* End PBXFrameworksBuildPhase section */

/* Begin PBXGroup section */
		2020FE459A444FA1FA74C4ED /* Frameworks */ = {
			isa = PBXGroup;
			children = (
				D1B58F5D8E6DBD6334888218 /* libPods-EngineerEvaluationSystem.a */,
				1DCA9452E7A0E3F4EEC0616E /* libPods-EngineerEvaluationSystemTests.a */,
				BDB6819FA2B4E1420EEF70C2 /* libPods-EngineerEvaluationSystemUITests.a */,
			);
			name = Frameworks;
			sourceTree = "<group>";
		};
		5C5F13BA1DF2A91000E6234F = {
			isa = PBXGroup;
			children = (
				5C5F13C51DF2A91000E6234F /* EngineerEvaluationSystem */,
				5C5F13DF1DF2A91000E6234F /* EngineerEvaluationSystemTests */,
				5C5F13EA1DF2A91000E6234F /* EngineerEvaluationSystemUITests */,
				5C5F13C41DF2A91000E6234F /* Products */,
				E6FCEA131FC05A08A7E0DE1C /* Pods */,
				2020FE459A444FA1FA74C4ED /* Frameworks */,
			);
			sourceTree = "<group>";
		};
		5C5F13C41DF2A91000E6234F /* Products */ = {
			isa = PBXGroup;
			children = (
				5C5F13C31DF2A91000E6234F /* EngineerEvaluationSystem.app */,
				5C5F13DC1DF2A91000E6234F /* EngineerEvaluationSystemTests.xctest */,
				5C5F13E71DF2A91000E6234F /* EngineerEvaluationSystemUITests.xctest */,
			);
			name = Products;
			sourceTree = "<group>";
		};
		5C5F13C51DF2A91000E6234F /* EngineerEvaluationSystem */ = {
			isa = PBXGroup;
			children = (
				5CB7D7FF1DF46C1000179819 /* Login */,
				5C5F14101DF2ACAA00E6234F /* Utils */,
				5C5F140F1DF2ACA100E6234F /* Base */,
				5C5F140B1DF2AC3500E6234F /* Main */,
				5C5F13C61DF2A91000E6234F /* Supporting Files */,
			);
			path = EngineerEvaluationSystem;
			sourceTree = "<group>";
		};
		5C5F13C61DF2A91000E6234F /* Supporting Files */ = {
			isa = PBXGroup;
			children = (
				5C5F13D21DF2A91000E6234F /* Assets.xcassets */,
				5C5F13D41DF2A91000E6234F /* LaunchScreen.storyboard */,
				5C5F13D71DF2A91000E6234F /* Info.plist */,
				5C5F13C91DF2A91000E6234F /* AppDelegate.h */,
				5C5F13CA1DF2A91000E6234F /* AppDelegate.m */,
				5C5F13CF1DF2A91000E6234F /* Main.storyboard */,
				5C5F13C71DF2A91000E6234F /* main.m */,
			);
			name = "Supporting Files";
			sourceTree = "<group>";
		};
		5C5F13DF1DF2A91000E6234F /* EngineerEvaluationSystemTests */ = {
			isa = PBXGroup;
			children = (
				5C5F13E01DF2A91000E6234F /* EngineerEvaluationSystemTests.m */,
				5C5F13E21DF2A91000E6234F /* Info.plist */,
			);
			path = EngineerEvaluationSystemTests;
			sourceTree = "<group>";
		};
		5C5F13EA1DF2A91000E6234F /* EngineerEvaluationSystemUITests */ = {
			isa = PBXGroup;
			children = (
				5C5F13EB1DF2A91000E6234F /* EngineerEvaluationSystemUITests.m */,
				5C5F13ED1DF2A91000E6234F /* Info.plist */,
			);
			path = EngineerEvaluationSystemUITests;
			sourceTree = "<group>";
		};
		5C5F140B1DF2AC3500E6234F /* Main */ = {
			isa = PBXGroup;
			children = (
				5C5F140C1DF2AC3500E6234F /* Controller */,
				5C5F140D1DF2AC3500E6234F /* Model */,
				5C5F140E1DF2AC3500E6234F /* View */,
			);
			path = Main;
			sourceTree = "<group>";
		};
		5C5F140C1DF2AC3500E6234F /* Controller */ = {
			isa = PBXGroup;
			children = (
				5C5F141D1DF2AD0900E6234F /* MainViewController.h */,
				5C5F141E1DF2AD0900E6234F /* MainViewController.m */,
				5C5F14201DF2B27700E6234F /* DirectoryA_VCTL.h */,
				5C5F14211DF2B27700E6234F /* DirectoryA_VCTL.m */,
				5C5F14621DF2C29B00E6234F /* DirectoryB_VCTL.h */,
				5C5F14631DF2C29B00E6234F /* DirectoryB_VCTL.m */,
				5C5F14651DF2C2B800E6234F /* DirectoryC_VCTL.h */,
				5C5F14661DF2C2B800E6234F /* DirectoryC_VCTL.m */,
				5C5F14681DF2EA2E00E6234F /* EvaluateViewController.h */,
				5C5F14691DF2EA2E00E6234F /* EvaluateViewController.m */,
			);
			path = Controller;
			sourceTree = "<group>";
		};
		5C5F140D1DF2AC3500E6234F /* Model */ = {
			isa = PBXGroup;
			children = (
				5C807A391DFF886C00D9501D /* MyViewModel.h */,
				5C807A3A1DFF886C00D9501D /* MyViewModel.m */,
			);
			path = Model;
			sourceTree = "<group>";
		};
		5C5F140E1DF2AC3500E6234F /* View */ = {
			isa = PBXGroup;
			children = (
				5C807A341DFF87F700D9501D /* MyView.h */,
				5C807A351DFF87F700D9501D /* MyView.m */,
				5C807A361DFF87F700D9501D /* MyView.xib */,
				5C47A0691DF2EE5900BFBEDC /* EvaluateTableViewCell.h */,
				5C47A06A1DF2EE5900BFBEDC /* EvaluateTableViewCell.m */,
				5C47A06B1DF2EE5900BFBEDC /* EvaluateTableViewCell.xib */,
			);
			path = View;
			sourceTree = "<group>";
		};
		5C5F140F1DF2ACA100E6234F /* Base */ = {
			isa = PBXGroup;
			children = (
				5C5F14171DF2ACD200E6234F /* CoreDataTableViewController.h */,
				5C5F14181DF2ACD200E6234F /* CoreDataTableViewController.m */,
				5C5F14191DF2ACD200E6234F /* BaseViewController.h */,
				5C5F141A1DF2ACD200E6234F /* BaseViewController.m */,
			);
			path = Base;
			sourceTree = "<group>";
		};
		5C5F14101DF2ACAA00E6234F /* Utils */ = {
			isa = PBXGroup;
			children = (
				5C5F14111DF2ACBC00E6234F /* MyUtil.h */,
				5C5F14121DF2ACBC00E6234F /* MyUtil.m */,
				5C5F14131DF2ACBC00E6234F /* CreateContext.h */,
				5C5F14141DF2ACBC00E6234F /* CreateContext.m */,
			);
			path = Utils;
			sourceTree = "<group>";
		};
		5CB7D7FF1DF46C1000179819 /* Login */ = {
			isa = PBXGroup;
			children = (
				5CB7D8001DF46C1000179819 /* Controller */,
				5CB7D8011DF46C1000179819 /* Model */,
				5CB7D8021DF46C1000179819 /* View */,
			);
			path = Login;
			sourceTree = "<group>";
		};
		5CB7D8001DF46C1000179819 /* Controller */ = {
			isa = PBXGroup;
			children = (
				5CB7D8031DF46C1D00179819 /* LoginViewController.h */,
				5CB7D8041DF46C1D00179819 /* LoginViewController.m */,
			);
			path = Controller;
			sourceTree = "<group>";
		};
		5CB7D8011DF46C1000179819 /* Model */ = {
			isa = PBXGroup;
			children = (
			);
			path = Model;
			sourceTree = "<group>";
		};
		5CB7D8021DF46C1000179819 /* View */ = {
			isa = PBXGroup;
			children = (
			);
			path = View;
			sourceTree = "<group>";
		};
		E6FCEA131FC05A08A7E0DE1C /* Pods */ = {
			isa = PBXGroup;
			children = (
				973F3EE36C8E7D0E561EEA3E /* Pods-EngineerEvaluationSystem.debug.xcconfig */,
				903C97F52E68C20F8AD8C5B4 /* Pods-EngineerEvaluationSystem.release.xcconfig */,
				B8982A7A1F717BD61F4D48E5 /* Pods-EngineerEvaluationSystemTests.debug.xcconfig */,
				63DA6EC3C52F846F6176F59A /* Pods-EngineerEvaluationSystemTests.release.xcconfig */,
				556BE63A94557623810C9914 /* Pods-EngineerEvaluationSystemUITests.debug.xcconfig */,
				D2F436454F5BE7FBA4071A3C /* Pods-EngineerEvaluationSystemUITests.release.xcconfig */,
			);
			name = Pods;
			sourceTree = "<group>";
		};
/* End PBXGroup section */

/* Begin PBXNativeTarget section */
		5C5F13C21DF2A91000E6234F /* EngineerEvaluationSystem */ = {
			isa = PBXNativeTarget;
			buildConfigurationList = 5C5F13F01DF2A91000E6234F /* Build configuration list for PBXNativeTarget "EngineerEvaluationSystem" */;
			buildPhases = (
				E3FA6396E5C20BFA435397B8 /* [CP] Check Pods Manifest.lock */,
				5C5F13BF1DF2A91000E6234F /* Sources */,
				5C5F13C01DF2A91000E6234F /* Frameworks */,
				5C5F13C11DF2A91000E6234F /* Resources */,
				39A172160C075F4AB6235DD0 /* [CP] Embed Pods Frameworks */,
				D24223DEE38A1E0AA7ED172B /* [CP] Copy Pods Resources */,
			);
			buildRules = (
			);
			dependencies = (
			);
			name = EngineerEvaluationSystem;
			productName = EngineerEvaluationSystem;
			productReference = 5C5F13C31DF2A91000E6234F /* EngineerEvaluationSystem.app */;
			productType = "com.apple.product-type.application";
		};
		5C5F13DB1DF2A91000E6234F /* EngineerEvaluationSystemTests */ = {
			isa = PBXNativeTarget;
			buildConfigurationList = 5C5F13F31DF2A91000E6234F /* Build configuration list for PBXNativeTarget "EngineerEvaluationSystemTests" */;
			buildPhases = (
				34B824FFA91606952CF45862 /* [CP] Check Pods Manifest.lock */,
				5C5F13D81DF2A91000E6234F /* Sources */,
				5C5F13D91DF2A91000E6234F /* Frameworks */,
				5C5F13DA1DF2A91000E6234F /* Resources */,
				5E6E822420A87A5E1335F8FD /* [CP] Embed Pods Frameworks */,
				8C5A99F14AC776FEC75E3B9E /* [CP] Copy Pods Resources */,
			);
			buildRules = (
			);
			dependencies = (
				5C5F13DE1DF2A91000E6234F /* PBXTargetDependency */,
			);
			name = EngineerEvaluationSystemTests;
			productName = EngineerEvaluationSystemTests;
			productReference = 5C5F13DC1DF2A91000E6234F /* EngineerEvaluationSystemTests.xctest */;
			productType = "com.apple.product-type.bundle.unit-test";
		};
		5C5F13E61DF2A91000E6234F /* EngineerEvaluationSystemUITests */ = {
			isa = PBXNativeTarget;
			buildConfigurationList = 5C5F13F61DF2A91000E6234F /* Build configuration list for PBXNativeTarget "EngineerEvaluationSystemUITests" */;
			buildPhases = (
				E15FA727D2E3AE5455FACC11 /* [CP] Check Pods Manifest.lock */,
				5C5F13E31DF2A91000E6234F /* Sources */,
				5C5F13E41DF2A91000E6234F /* Frameworks */,
				5C5F13E51DF2A91000E6234F /* Resources */,
				FC944FAA6D19DE3C69A91D24 /* [CP] Copy Pods Resources */,
			);
			buildRules = (
			);
			dependencies = (
				5C5F13E91DF2A91000E6234F /* PBXTargetDependency */,
			);
			name = EngineerEvaluationSystemUITests;
			productName = EngineerEvaluationSystemUITests;
			productReference = 5C5F13E71DF2A91000E6234F /* EngineerEvaluationSystemUITests.xctest */;
			productType = "com.apple.product-type.bundle.ui-testing";
		};
/* End PBXNativeTarget section */

/* Begin PBXProject section */
		5C5F13BB1DF2A91000E6234F /* Project object */ = {
			isa = PBXProject;
			attributes = {
				LastUpgradeCheck = 0810;
				ORGANIZATIONNAME = lixu;
				TargetAttributes = {
					5C5F13C21DF2A91000E6234F = {
						CreatedOnToolsVersion = 8.1;
						DevelopmentTeam = YJW6Z2DGX9;
						ProvisioningStyle = Automatic;
					};
					5C5F13DB1DF2A91000E6234F = {
						CreatedOnToolsVersion = 8.1;
						DevelopmentTeam = YJW6Z2DGX9;
						ProvisioningStyle = Automatic;
						TestTargetID = 5C5F13C21DF2A91000E6234F;
					};
					5C5F13E61DF2A91000E6234F = {
						CreatedOnToolsVersion = 8.1;
						DevelopmentTeam = YJW6Z2DGX9;
						ProvisioningStyle = Automatic;
						TestTargetID = 5C5F13C21DF2A91000E6234F;
					};
				};
			};
			buildConfigurationList = 5C5F13BE1DF2A91000E6234F /* Build configuration list for PBXProject "EngineerEvaluationSystem" */;
			compatibilityVersion = "Xcode 3.2";
			developmentRegion = English;
			hasScannedForEncodings = 0;
			knownRegions = (
				en,
				Base,
			);
			mainGroup = 5C5F13BA1DF2A91000E6234F;
			productRefGroup = 5C5F13C41DF2A91000E6234F /* Products */;
			projectDirPath = "";
			projectRoot = "";
			targets = (
				5C5F13C21DF2A91000E6234F /* EngineerEvaluationSystem */,
				5C5F13DB1DF2A91000E6234F /* EngineerEvaluationSystemTests */,
				5C5F13E61DF2A91000E6234F /* EngineerEvaluationSystemUITests */,
			);
		};
/* End PBXProject section */

/* Begin PBXResourcesBuildPhase section */
		5C5F13C11DF2A91000E6234F /* Resources */ = {
			isa = PBXResourcesBuildPhase;
			buildActionMask = 2147483647;
			files = (
				5C47A06D1DF2EE5900BFBEDC /* EvaluateTableViewCell.xib in Resources */,
				5C5F13D61DF2A91000E6234F /* LaunchScreen.storyboard in Resources */,
				5C5F13D31DF2A91000E6234F /* Assets.xcassets in Resources */,
				5C807A381DFF87F700D9501D /* MyView.xib in Resources */,
				5C5F13D11DF2A91000E6234F /* Main.storyboard in Resources */,
			);
			runOnlyForDeploymentPostprocessing = 0;
		};
		5C5F13DA1DF2A91000E6234F /* Resources */ = {
			isa = PBXResourcesBuildPhase;
			buildActionMask = 2147483647;
			files = (
			);
			runOnlyForDeploymentPostprocessing = 0;
		};
		5C5F13E51DF2A91000E6234F /* Resources */ = {
			isa = PBXResourcesBuildPhase;
			buildActionMask = 2147483647;
			files = (
			);
			runOnlyForDeploymentPostprocessing = 0;
		};
/* End PBXResourcesBuildPhase section */

/* Begin PBXShellScriptBuildPhase section */
		34B824FFA91606952CF45862 /* [CP] Check Pods Manifest.lock */ = {
			isa = PBXShellScriptBuildPhase;
			buildActionMask = 2147483647;
			files = (
			);
			inputPaths = (
			);
			name = "[CP] Check Pods Manifest.lock";
			outputPaths = (
			);
			runOnlyForDeploymentPostprocessing = 0;
			shellPath = /bin/sh;
			shellScript = "diff \"${PODS_ROOT}/../Podfile.lock\" \"${PODS_ROOT}/Manifest.lock\" > /dev/null\nif [[ $? != 0 ]] ; then\n    cat << EOM\nerror: The sandbox is not in sync with the Podfile.lock. Run 'pod install' or update your CocoaPods installation.\nEOM\n    exit 1\nfi\n";
			showEnvVarsInLog = 0;
		};
		39A172160C075F4AB6235DD0 /* [CP] Embed Pods Frameworks */ = {
			isa = PBXShellScriptBuildPhase;
			buildActionMask = 2147483647;
			files = (
			);
			inputPaths = (
			);
			name = "[CP] Embed Pods Frameworks";
			outputPaths = (
			);
			runOnlyForDeploymentPostprocessing = 0;
			shellPath = /bin/sh;
			shellScript = "\"${SRCROOT}/Pods/Target Support Files/Pods-EngineerEvaluationSystem/Pods-EngineerEvaluationSystem-frameworks.sh\"\n";
			showEnvVarsInLog = 0;
		};
		5E6E822420A87A5E1335F8FD /* [CP] Embed Pods Frameworks */ = {
			isa = PBXShellScriptBuildPhase;
			buildActionMask = 2147483647;
			files = (
			);
			inputPaths = (
			);
			name = "[CP] Embed Pods Frameworks";
			outputPaths = (
			);
			runOnlyForDeploymentPostprocessing = 0;
			shellPath = /bin/sh;
			shellScript = "\"${SRCROOT}/Pods/Target Support Files/Pods-EngineerEvaluationSystemTests/Pods-EngineerEvaluationSystemTests-frameworks.sh\"\n";
			showEnvVarsInLog = 0;
		};
		8C5A99F14AC776FEC75E3B9E /* [CP] Copy Pods Resources */ = {
			isa = PBXShellScriptBuildPhase;
			buildActionMask = 2147483647;
			files = (
			);
			inputPaths = (
			);
			name = "[CP] Copy Pods Resources";
			outputPaths = (
			);
			runOnlyForDeploymentPostprocessing = 0;
			shellPath = /bin/sh;
			shellScript = "\"${SRCROOT}/Pods/Target Support Files/Pods-EngineerEvaluationSystemTests/Pods-EngineerEvaluationSystemTests-resources.sh\"\n";
			showEnvVarsInLog = 0;
		};
		D24223DEE38A1E0AA7ED172B /* [CP] Copy Pods Resources */ = {
			isa = PBXShellScriptBuildPhase;
			buildActionMask = 2147483647;
			files = (
			);
			inputPaths = (
			);
			name = "[CP] Copy Pods Resources";
			outputPaths = (
			);
			runOnlyForDeploymentPostprocessing = 0;
			shellPath = /bin/sh;
			shellScript = "\"${SRCROOT}/Pods/Target Support Files/Pods-EngineerEvaluationSystem/Pods-EngineerEvaluationSystem-resources.sh\"\n";
			showEnvVarsInLog = 0;
		};
		E15FA727D2E3AE5455FACC11 /* [CP] Check Pods Manifest.lock */ = {
			isa = PBXShellScriptBuildPhase;
			buildActionMask = 2147483647;
			files = (
			);
			inputPaths = (
			);
			name = "[CP] Check Pods Manifest.lock";
			outputPaths = (
			);
			runOnlyForDeploymentPostprocessing = 0;
			shellPath = /bin/sh;
			shellScript = "diff \"${PODS_ROOT}/../Podfile.lock\" \"${PODS_ROOT}/Manifest.lock\" > /dev/null\nif [[ $? != 0 ]] ; then\n    cat << EOM\nerror: The sandbox is not in sync with the Podfile.lock. Run 'pod install' or update your CocoaPods installation.\nEOM\n    exit 1\nfi\n";
			showEnvVarsInLog = 0;
		};
		E3FA6396E5C20BFA435397B8 /* [CP] Check Pods Manifest.lock */ = {
			isa = PBXShellScriptBuildPhase;
			buildActionMask = 2147483647;
			files = (
			);
			inputPaths = (
			);
			name = "[CP] Check Pods Manifest.lock";
			outputPaths = (
			);
			runOnlyForDeploymentPostprocessing = 0;
			shellPath = /bin/sh;
			shellScript = "diff \"${PODS_ROOT}/../Podfile.lock\" \"${PODS_ROOT}/Manifest.lock\" > /dev/null\nif [[ $? != 0 ]] ; then\n    cat << EOM\nerror: The sandbox is not in sync with the Podfile.lock. Run 'pod install' or update your CocoaPods installation.\nEOM\n    exit 1\nfi\n";
			showEnvVarsInLog = 0;
		};
		FC944FAA6D19DE3C69A91D24 /* [CP] Copy Pods Resources */ = {
			isa = PBXShellScriptBuildPhase;
			buildActionMask = 2147483647;
			files = (
			);
			inputPaths = (
			);
			name = "[CP] Copy Pods Resources";
			outputPaths = (
			);
			runOnlyForDeploymentPostprocessing = 0;
			shellPath = /bin/sh;
			shellScript = "\"${SRCROOT}/Pods/Target Support Files/Pods-EngineerEvaluationSystemUITests/Pods-EngineerEvaluationSystemUITests-resources.sh\"\n";
			showEnvVarsInLog = 0;
		};
/* End PBXShellScriptBuildPhase section */

/* Begin PBXSourcesBuildPhase section */
		5C5F13BF1DF2A91000E6234F /* Sources */ = {
			isa = PBXSourcesBuildPhase;
			buildActionMask = 2147483647;
			files = (
				5C47A06C1DF2EE5900BFBEDC /* EvaluateTableViewCell.m in Sources */,
				5C5F13CB1DF2A91000E6234F /* AppDelegate.m in Sources */,
				5CB7D8051DF46C1D00179819 /* LoginViewController.m in Sources */,
				5C5F141C1DF2ACD200E6234F /* BaseViewController.m in Sources */,
				5C5F14221DF2B27700E6234F /* DirectoryA_VCTL.m in Sources */,
				5C5F13C81DF2A91000E6234F /* main.m in Sources */,
				5C807A3B1DFF886C00D9501D /* MyViewModel.m in Sources */,
				5C807A371DFF87F700D9501D /* MyView.m in Sources */,
				5C5F14151DF2ACBC00E6234F /* MyUtil.m in Sources */,
				5C5F14641DF2C29B00E6234F /* DirectoryB_VCTL.m in Sources */,
				5C5F14671DF2C2B800E6234F /* DirectoryC_VCTL.m in Sources */,
				5C5F141F1DF2AD0900E6234F /* MainViewController.m in Sources */,
				5C5F14161DF2ACBC00E6234F /* CreateContext.m in Sources */,
				5C5F141B1DF2ACD200E6234F /* CoreDataTableViewController.m in Sources */,
				5C5F146A1DF2EA2E00E6234F /* EvaluateViewController.m in Sources */,
			);
			runOnlyForDeploymentPostprocessing = 0;
		};
		5C5F13D81DF2A91000E6234F /* Sources */ = {
			isa = PBXSourcesBuildPhase;
			buildActionMask = 2147483647;
			files = (
				5C5F13E11DF2A91000E6234F /* EngineerEvaluationSystemTests.m in Sources */,
			);
			runOnlyForDeploymentPostprocessing = 0;
		};
		5C5F13E31DF2A91000E6234F /* Sources */ = {
			isa = PBXSourcesBuildPhase;
			buildActionMask = 2147483647;
			files = (
				5C5F13EC1DF2A91000E6234F /* EngineerEvaluationSystemUITests.m in Sources */,
			);
			runOnlyForDeploymentPostprocessing = 0;
		};
/* End PBXSourcesBuildPhase section */

/* Begin PBXTargetDependency section */
		5C5F13DE1DF2A91000E6234F /* PBXTargetDependency */ = {
			isa = PBXTargetDependency;
			target = 5C5F13C21DF2A91000E6234F /* EngineerEvaluationSystem */;
			targetProxy = 5C5F13DD1DF2A91000E6234F /* PBXContainerItemProxy */;
		};
		5C5F13E91DF2A91000E6234F /* PBXTargetDependency */ = {
			isa = PBXTargetDependency;
			target = 5C5F13C21DF2A91000E6234F /* EngineerEvaluationSystem */;
			targetProxy = 5C5F13E81DF2A91000E6234F /* PBXContainerItemProxy */;
		};
/* End PBXTargetDependency section */

/* Begin PBXVariantGroup section */
		5C5F13CF1DF2A91000E6234F /* Main.storyboard */ = {
			isa = PBXVariantGroup;
			children = (
				5C5F13D01DF2A91000E6234F /* Base */,
			);
			name = Main.storyboard;
			sourceTree = "<group>";
		};
		5C5F13D41DF2A91000E6234F /* LaunchScreen.storyboard */ = {
			isa = PBXVariantGroup;
			children = (
				5C5F13D51DF2A91000E6234F /* Base */,
			);
			name = LaunchScreen.storyboard;
			sourceTree = "<group>";
		};
/* End PBXVariantGroup section */

/* Begin XCBuildConfiguration section */
		5C5F13EE1DF2A91000E6234F /* Debug */ = {
			isa = XCBuildConfiguration;
			buildSettings = {
				ALWAYS_SEARCH_USER_PATHS = NO;
				CLANG_ANALYZER_NONNULL = YES;
				CLANG_CXX_LANGUAGE_STANDARD = "gnu++0x";
				CLANG_CXX_LIBRARY = "libc++";
				CLANG_ENABLE_MODULES = YES;
				CLANG_ENABLE_OBJC_ARC = YES;
				CLANG_WARN_BOOL_CONVERSION = YES;
				CLANG_WARN_CONSTANT_CONVERSION = YES;
				CLANG_WARN_DIRECT_OBJC_ISA_USAGE = YES_ERROR;
				CLANG_WARN_DOCUMENTATION_COMMENTS = YES;
				CLANG_WARN_EMPTY_BODY = YES;
				CLANG_WARN_ENUM_CONVERSION = YES;
				CLANG_WARN_INFINITE_RECURSION = YES;
				CLANG_WARN_INT_CONVERSION = YES;
				CLANG_WARN_OBJC_ROOT_CLASS = YES_ERROR;
				CLANG_WARN_SUSPICIOUS_MOVES = YES;
				CLANG_WARN_UNREACHABLE_CODE = YES;
				CLANG_WARN__DUPLICATE_METHOD_MATCH = YES;
				"CODE_SIGN_IDENTITY[sdk=iphoneos*]" = "iPhone Developer";
				COPY_PHASE_STRIP = NO;
				DEBUG_INFORMATION_FORMAT = dwarf;
				ENABLE_STRICT_OBJC_MSGSEND = YES;
				ENABLE_TESTABILITY = YES;
				GCC_C_LANGUAGE_STANDARD = gnu99;
				GCC_DYNAMIC_NO_PIC = NO;
				GCC_NO_COMMON_BLOCKS = YES;
				GCC_OPTIMIZATION_LEVEL = 0;
				GCC_PREPROCESSOR_DEFINITIONS = (
					"DEBUG=1",
					"$(inherited)",
				);
				GCC_WARN_64_TO_32_BIT_CONVERSION = YES;
				GCC_WARN_ABOUT_RETURN_TYPE = YES_ERROR;
				GCC_WARN_UNDECLARED_SELECTOR = YES;
				GCC_WARN_UNINITIALIZED_AUTOS = YES_AGGRESSIVE;
				GCC_WARN_UNUSED_FUNCTION = YES;
				GCC_WARN_UNUSED_VARIABLE = YES;
				IPHONEOS_DEPLOYMENT_TARGET = 10.1;
				MTL_ENABLE_DEBUG_INFO = YES;
				ONLY_ACTIVE_ARCH = YES;
				SDKROOT = iphoneos;
				TARGETED_DEVICE_FAMILY = "1,2";
			};
			name = Debug;
		};
		5C5F13EF1DF2A91000E6234F /* Release */ = {
			isa = XCBuildConfiguration;
			buildSettings = {
				ALWAYS_SEARCH_USER_PATHS = NO;
				CLANG_ANALYZER_NONNULL = YES;
				CLANG_CXX_LANGUAGE_STANDARD = "gnu++0x";
				CLANG_CXX_LIBRARY = "libc++";
				CLANG_ENABLE_MODULES = YES;
				CLANG_ENABLE_OBJC_ARC = YES;
				CLANG_WARN_BOOL_CONVERSION = YES;
				CLANG_WARN_CONSTANT_CONVERSION = YES;
				CLANG_WARN_DIRECT_OBJC_ISA_USAGE = YES_ERROR;
				CLANG_WARN_DOCUMENTATION_COMMENTS = YES;
				CLANG_WARN_EMPTY_BODY = YES;
				CLANG_WARN_ENUM_CONVERSION = YES;
				CLANG_WARN_INFINITE_RECURSION = YES;
				CLANG_WARN_INT_CONVERSION = YES;
				CLANG_WARN_OBJC_ROOT_CLASS = YES_ERROR;
				CLANG_WARN_SUSPICIOUS_MOVES = YES;
				CLANG_WARN_UNREACHABLE_CODE = YES;
				CLANG_WARN__DUPLICATE_METHOD_MATCH = YES;
				"CODE_SIGN_IDENTITY[sdk=iphoneos*]" = "iPhone Developer";
				COPY_PHASE_STRIP = NO;
				DEBUG_INFORMATION_FORMAT = "dwarf-with-dsym";
				ENABLE_NS_ASSERTIONS = NO;
				ENABLE_STRICT_OBJC_MSGSEND = YES;
				GCC_C_LANGUAGE_STANDARD = gnu99;
				GCC_NO_COMMON_BLOCKS = YES;
				GCC_WARN_64_TO_32_BIT_CONVERSION = YES;
				GCC_WARN_ABOUT_RETURN_TYPE = YES_ERROR;
				GCC_WARN_UNDECLARED_SELECTOR = YES;
				GCC_WARN_UNINITIALIZED_AUTOS = YES_AGGRESSIVE;
				GCC_WARN_UNUSED_FUNCTION = YES;
				GCC_WARN_UNUSED_VARIABLE = YES;
				IPHONEOS_DEPLOYMENT_TARGET = 10.1;
				MTL_ENABLE_DEBUG_INFO = NO;
				SDKROOT = iphoneos;
				TARGETED_DEVICE_FAMILY = "1,2";
				VALIDATE_PRODUCT = YES;
			};
			name = Release;
		};
		5C5F13F11DF2A91000E6234F /* Debug */ = {
			isa = XCBuildConfiguration;
			baseConfigurationReference = 973F3EE36C8E7D0E561EEA3E /* Pods-EngineerEvaluationSystem.debug.xcconfig */;
			buildSettings = {
				ASSETCATALOG_COMPILER_APPICON_NAME = AppIcon;
				DEVELOPMENT_TEAM = YJW6Z2DGX9;
				INFOPLIST_FILE = EngineerEvaluationSystem/Info.plist;
				LD_RUNPATH_SEARCH_PATHS = "$(inherited) @executable_path/Frameworks";
				PRODUCT_BUNDLE_IDENTIFIER = "lixu.dennis-gmail.com.EngineerEvaluationSystem";
				PRODUCT_NAME = "$(TARGET_NAME)";
			};
			name = Debug;
		};
		5C5F13F21DF2A91000E6234F /* Release */ = {
			isa = XCBuildConfiguration;
			baseConfigurationReference = 903C97F52E68C20F8AD8C5B4 /* Pods-EngineerEvaluationSystem.release.xcconfig */;
			buildSettings = {
				ASSETCATALOG_COMPILER_APPICON_NAME = AppIcon;
				DEVELOPMENT_TEAM = YJW6Z2DGX9;
				INFOPLIST_FILE = EngineerEvaluationSystem/Info.plist;
				LD_RUNPATH_SEARCH_PATHS = "$(inherited) @executable_path/Frameworks";
				PRODUCT_BUNDLE_IDENTIFIER = "lixu.dennis-gmail.com.EngineerEvaluationSystem";
				PRODUCT_NAME = "$(TARGET_NAME)";
			};
			name = Release;
		};
		5C5F13F41DF2A91000E6234F /* Debug */ = {
			isa = XCBuildConfiguration;
			baseConfigurationReference = B8982A7A1F717BD61F4D48E5 /* Pods-EngineerEvaluationSystemTests.debug.xcconfig */;
			buildSettings = {
				BUNDLE_LOADER = "$(TEST_HOST)";
				DEVELOPMENT_TEAM = YJW6Z2DGX9;
				INFOPLIST_FILE = EngineerEvaluationSystemTests/Info.plist;
				LD_RUNPATH_SEARCH_PATHS = "$(inherited) @executable_path/Frameworks @loader_path/Frameworks";
				PRODUCT_BUNDLE_IDENTIFIER = "lixu.dennis-gmail.com.EngineerEvaluationSystemTests";
				PRODUCT_NAME = "$(TARGET_NAME)";
				TEST_HOST = "$(BUILT_PRODUCTS_DIR)/EngineerEvaluationSystem.app/EngineerEvaluationSystem";
			};
			name = Debug;
		};
		5C5F13F51DF2A91000E6234F /* Release */ = {
			isa = XCBuildConfiguration;
			baseConfigurationReference = 63DA6EC3C52F846F6176F59A /* Pods-EngineerEvaluationSystemTests.release.xcconfig */;
			buildSettings = {
				BUNDLE_LOADER = "$(TEST_HOST)";
				DEVELOPMENT_TEAM = YJW6Z2DGX9;
				INFOPLIST_FILE = EngineerEvaluationSystemTests/Info.plist;
				LD_RUNPATH_SEARCH_PATHS = "$(inherited) @executable_path/Frameworks @loader_path/Frameworks";
				PRODUCT_BUNDLE_IDENTIFIER = "lixu.dennis-gmail.com.EngineerEvaluationSystemTests";
				PRODUCT_NAME = "$(TARGET_NAME)";
				TEST_HOST = "$(BUILT_PRODUCTS_DIR)/EngineerEvaluationSystem.app/EngineerEvaluationSystem";
			};
			name = Release;
		};
		5C5F13F71DF2A91000E6234F /* Debug */ = {
			isa = XCBuildConfiguration;
			baseConfigurationReference = 556BE63A94557623810C9914 /* Pods-EngineerEvaluationSystemUITests.debug.xcconfig */;
			buildSettings = {
				DEVELOPMENT_TEAM = YJW6Z2DGX9;
				INFOPLIST_FILE = EngineerEvaluationSystemUITests/Info.plist;
				LD_RUNPATH_SEARCH_PATHS = "$(inherited) @executable_path/Frameworks @loader_path/Frameworks";
				PRODUCT_BUNDLE_IDENTIFIER = "lixu.dennis-gmail.com.EngineerEvaluationSystemUITests";
				PRODUCT_NAME = "$(TARGET_NAME)";
				TEST_TARGET_NAME = EngineerEvaluationSystem;
			};
			name = Debug;
		};
		5C5F13F81DF2A91000E6234F /* Release */ = {
			isa = XCBuildConfiguration;
			baseConfigurationReference = D2F436454F5BE7FBA4071A3C /* Pods-EngineerEvaluationSystemUITests.release.xcconfig */;
			buildSettings = {
				DEVELOPMENT_TEAM = YJW6Z2DGX9;
				INFOPLIST_FILE = EngineerEvaluationSystemUITests/Info.plist;
				LD_RUNPATH_SEARCH_PATHS = "$(inherited) @executable_path/Frameworks @loader_path/Frameworks";
				PRODUCT_BUNDLE_IDENTIFIER = "lixu.dennis-gmail.com.EngineerEvaluationSystemUITests";
				PRODUCT_NAME = "$(TARGET_NAME)";
				TEST_TARGET_NAME = EngineerEvaluationSystem;
			};
			name = Release;
		};
/* End XCBuildConfiguration section */

/* Begin XCConfigurationList section */
		5C5F13BE1DF2A91000E6234F /* Build configuration list for PBXProject "EngineerEvaluationSystem" */ = {
			isa = XCConfigurationList;
			buildConfigurations = (
				5C5F13EE1DF2A91000E6234F /* Debug */,
				5C5F13EF1DF2A91000E6234F /* Release */,
			);
			defaultConfigurationIsVisible = 0;
			defaultConfigurationName = Release;
		};
		5C5F13F01DF2A91000E6234F /* Build configuration list for PBXNativeTarget "EngineerEvaluationSystem" */ = {
			isa = XCConfigurationList;
			buildConfigurations = (
				5C5F13F11DF2A91000E6234F /* Debug */,
				5C5F13F21DF2A91000E6234F /* Release */,
			);
			defaultConfigurationIsVisible = 0;
			defaultConfigurationName = Release;
		};
		5C5F13F31DF2A91000E6234F /* Build configuration list for PBXNativeTarget "EngineerEvaluationSystemTests" */ = {
			isa = XCConfigurationList;
			buildConfigurations = (
				5C5F13F41DF2A91000E6234F /* Debug */,
				5C5F13F51DF2A91000E6234F /* Release */,
			);
			defaultConfigurationIsVisible = 0;
			defaultConfigurationName = Release;
		};
		5C5F13F61DF2A91000E6234F /* Build configuration list for PBXNativeTarget "EngineerEvaluationSystemUITests" */ = {
			isa = XCConfigurationList;
			buildConfigurations = (
				5C5F13F71DF2A91000E6234F /* Debug */,
				5C5F13F81DF2A91000E6234F /* Release */,
			);
			defaultConfigurationIsVisible = 0;
			defaultConfigurationName = Release;
		};
/* End XCConfigurationList section */
	};
	rootObject = 5C5F13BB1DF2A91000E6234F /* Project object */;
}
